
Microsoft Visual Studio Solution File, Format Version 12.00
# Visual Studio Version 18
VisualStudioVersion = 18.6.11819.183 stable
MinimumVisualStudioVersion = 10.0.40219.1
Project("{FAE04EC0-301F-11D3-BF4B-00C04F79EFBC}") = "marketplace_impl.Server", "marketplace_impl.Server\marketplace_impl.Server.csproj", "{2495963C-0259-4898-B2AC-FE6C89B9CC12}"
EndProject
Project("{54A90642-561A-4BB1-A94E-469ADEE60C69}") = "marketplace_impl.client", "marketplace_impl.client\marketplace_impl.client.esproj", "{A49C8603-A6A3-4409-9ADD-F9A09D3B6A8B}"
EndProject
Global
	GlobalSection(SolutionConfigurationPlatforms) = preSolution
		Debug|Any CPU = Debug|Any CPU
		Release|Any CPU = Release|Any CPU
	EndGlobalSection
	GlobalSection(ProjectConfigurationPlatforms) = postSolution
		{2495963C-0259-4898-B2AC-FE6C89B9CC12}.Debug|Any CPU.ActiveCfg = Debug|Any CPU
		{2495963C-0259-4898-B2AC-FE6C89B9CC12}.Debug|Any CPU.Build.0 = Debug|Any CPU
		{2495963C-0259-4898-B2AC-FE6C89B9CC12}.Release|Any CPU.ActiveCfg = Release|Any CPU
		{2495963C-0259-4898-B2AC-FE6C89B9CC12}.Release|Any CPU.Build.0 = Release|Any CPU
		{A49C8603-A6A3-4409-9ADD-F9A09D3B6A8B}.Debug|Any CPU.ActiveCfg = Debug|Any CPU
		{A49C8603-A6A3-4409-9ADD-F9A09D3B6A8B}.Debug|Any CPU.Build.0 = Debug|Any CPU
		{A49C8603-A6A3-4409-9ADD-F9A09D3B6A8B}.Debug|Any CPU.Deploy.0 = Debug|Any CPU
		{A49C8603-A6A3-4409-9ADD-F9A09D3B6A8B}.Release|Any CPU.ActiveCfg = Release|Any CPU
		{A49C8603-A6A3-4409-9ADD-F9A09D3B6A8B}.Release|Any CPU.Build.0 = Release|Any CPU
		{A49C8603-A6A3-4409-9ADD-F9A09D3B6A8B}.Release|Any CPU.Deploy.0 = Release|Any CPU
	EndGlobalSection
	GlobalSection(SolutionProperties) = preSolution
		HideSolutionNode = FALSE
	EndGlobalSection
	GlobalSection(ExtensibilityGlobals) = postSolution
		SolutionGuid = {EE6A7C19-E706-4FA3-A5F6-57405AB76C0E}
	EndGlobalSection
EndGlobal
